{
  "name": "electron-quick-start",
  "version": "1.0.0",
  "lockfileVersion": 3,
  "requires": true,
  "packages": {
    "": {
      "name": "electron-quick-start",
      "version": "1.0.0",
      "license": "CC0-1.0",
      "dependencies": {
        "electron": "^1.4.15",
        "electron-config": "^0.2.1",
        "electron-json-storage": "^3.0.1",
        "electron-pane-window": "0.0.1",
        "electron-window-state": "^4.1.0",
        "firebase": "^3.7.2",
        "markdown-it": "^8.3.1",
        "menubar": "^5.2.3",
        "open": "0.0.5",
        "request": "^2.81.0",
        "xml2js": "^0.4.17"
      }
    },
    "node_modules/ajv": {
      "version": "4.11.5",
      "license": "MIT",
      "dependencies": {
        "co": "^4.6.0",
        "json-stable-stringify": "^1.0.1"
      }
    },
    "node_modules/ansi-regex": {
      "version": "2.1.1",
      "license": "MIT",
      "engines": {
        "node": ">=0.10.0"
      }
    },
    "node_modules/argparse": {
      "version": "1.0.9",
      "license": "MIT",
      "dependencies": {
        "sprintf-js": "~1.0.2"
      }
    },
    "node_modules/array-find-index": {
      "version": "1.0.2",
      "license": "MIT",
      "engines": {
        "node": ">=0.10.0"
      }
    },
    "node_modules/asn1": {
      "version": "0.2.3",
      "license": "MIT"
    },
    "node_modules/assert-plus": {
      "version": "0.2.0",
      "license": "MIT",
      "engines": {
        "node": ">=0.8"
      }
    },
    "node_modules/async": {
      "version": "2.1.5",
      "license": "MIT",
      "dependencies": {
        "lodash": "^4.14.0"
      }
    },
    "node_modules/asynckit": {
      "version": "0.4.0",
      "license": "MIT"
    },
    "node_modules/aws-sign2": {
      "version": "0.6.0",
      "license": "Apache-2.0",
      "engines": {
        "node": "*"
      }
    },
    "node_modules/aws4": {
      "version": "1.6.0",
      "license": "MIT"
    },
    "node_modules/balanced-match": {
      "version": "0.4.2",
      "license": "MIT"
    },
    "node_modules/bcrypt-pbkdf": {
      "version": "1.0.1",
      "license": "BSD-3-Clause",
      "optional": true,
      "dependencies": {
        "tweetnacl": "^0.14.3"
      }
    },
    "node_modules/boom": {
      "version": "2.10.1",
      "license": "BSD-3-Clause",
      "dependencies": {
        "hoek": "2.x.x"
      },
      "engines": {
        "node": ">=0.10.40"
      }
    },
    "node_modules/brace-expansion": {
      "version": "1.1.6",
      "license": "MIT",
      "dependencies": {
        "balanced-match": "^0.4.1",
        "concat-map": "0.0.1"
      }
    },
    "node_modules/builtin-modules": {
      "version": "1.1.1",
      "license": "MIT",
      "engines": {
        "node": ">=0.10.0"
      }
    },
    "node_modules/camelcase": {
      "version": "2.1.1",
      "license": "MIT",
      "engines": {
        "node": ">=0.10.0"
      }
    },
    "node_modules/camelcase-keys": {
      "version": "2.1.0",
      "license": "MIT",
      "dependencies": {
        "camelcase": "^2.0.0",
        "map-obj": "^1.0.0"
      },
      "engines": {
        "node": ">=0.10.0"
      }
    },
    "node_modules/caseless": {
      "version": "0.12.0",
      "license": "Apache-2.0"
    },
    "node_modules/cb2promise": {
      "version": "1.0.5",
      "license": "MIT",
      "dependencies": {
        "pinkie-promise": "~2.0.1",
        "sliced": "~1.0.1"
      },
      "engines": {
        "node": ">= 4"
      }
    },
    "node_modules/co": {
      "version": "4.6.0",
      "license": "MIT",
      "engines": {
        "iojs": ">= 1.0.0",
        "node": ">= 0.12.0"
      }
    },
    "node_modules/code-point-at": {
      "version": "1.1.0",
      "license": "MIT",
      "engines": {
        "node": ">=0.10.0"
      }
    },
    "node_modules/combined-stream": {
      "version": "1.0.5",
      "license": "MIT",
      "dependencies": {
        "delayed-stream": "~1.0.0"
      },
      "engines": {
        "node": ">= 0.8"
      }
    },
    "node_modules/concat-map": {
      "version": "0.0.1",
      "license": "MIT"
    },
    "node_modules/concat-stream": {
      "version": "1.5.0",
      "engines": [
        "node >= 0.8"
      ],
      "license": "MIT",
      "dependencies": {
        "inherits": "~2.0.1",
        "readable-stream": "~2.0.0",
        "typedarray": "~0.0.5"
      }
    },
    "node_modules/concat-stream/node_modules/isarray": {
      "version": "1.0.0",
      "license": "MIT"
    },
    "node_modules/concat-stream/node_modules/readable-stream": {
      "version": "2.0.6",
      "license": "MIT",
      "dependencies": {
        "core-util-is": "~1.0.0",
        "inherits": "~2.0.1",
        "isarray": "~1.0.0",
        "process-nextick-args": "~1.0.6",
        "string_decoder": "~0.10.x",
        "util-deprecate": "~1.0.1"
      }
    },
    "node_modules/conf": {
      "version": "0.11.2",
      "license": "MIT",
      "dependencies": {
        "dot-prop": "^3.0.0",
        "env-paths": "^0.3.0",
        "mkdirp": "^0.5.1",
        "pkg-up": "^1.0.0"
      }
    },
    "node_modules/conf/node_modules/minimist": {
      "version": "0.0.8",
      "license": "MIT"
    },
    "node_modules/conf/node_modules/mkdirp": {
      "version": "0.5.1",
      "license": "MIT",
      "dependencies": {
        "minimist": "0.0.8"
      },
      "bin": {
        "mkdirp": "bin/cmd.js"
      }
    },
    "node_modules/core-util-is": {
      "version": "1.0.2",
      "license": "MIT"
    },
    "node_modules/cryptiles": {
      "version": "2.0.5",
      "license": "BSD-3-Clause",
      "dependencies": {
        "boom": "2.x.x"
      },
      "engines": {
        "node": ">=0.10.40"
      }
    },
    "node_modules/currently-unhandled": {
      "version": "0.4.1",
      "license": "MIT",
      "dependencies": {
        "array-find-index": "^1.0.1"
      },
      "engines": {
        "node": ">=0.10.0"
      }
    },
    "node_modules/dashdash": {
      "version": "1.14.1",
      "license": "MIT",
      "dependencies": {
        "assert-plus": "^1.0.0"
      },
      "engines": {
        "node": ">=0.10"
      }
    },
    "node_modules/dashdash/node_modules/assert-plus": {
      "version": "1.0.0",
      "license": "MIT",
      "engines": {
        "node": ">=0.8"
      }
    },
    "node_modules/debug": {
      "version": "2.6.3",
      "license": "MIT",
      "dependencies": {
        "ms": "0.7.2"
      }
    },
    "node_modules/decamelize": {
      "version": "1.2.0",
      "license": "MIT",
      "engines": {
        "node": ">=0.10.0"
      }
    },
    "node_modules/deep-equal": {
      "version": "1.0.1",
      "license": "MIT"
    },
    "node_modules/deep-extend": {
      "version": "0.4.1",
      "license": "MIT",
      "engines": {
        "iojs": ">=1.0.0",
        "node": ">=0.12.0"
      }
    },
    "node_modules/delayed-stream": {
      "version": "1.0.0",
      "license": "MIT",
      "engines": {
        "node": ">=0.4.0"
      }
    },
    "node_modules/dot-prop": {
      "version": "3.0.0",
      "license": "MIT",
      "dependencies": {
        "is-obj": "^1.0.0"
      },
      "engines": {
        "node": ">=0.10.0"
      }
    },
    "node_modules/ecc-jsbn": {
      "version": "0.1.1",
      "license": "MIT",
      "optional": true,
      "dependencies": {
        "jsbn": "~0.1.0"
      }
    },
    "node_modules/electron": {
      "version": "1.4.15",
      "resolved": "https://registry.npmjs.org/electron/-/electron-1.4.15.tgz",
      "integrity": "sha512-tTq1yEEAyG6RaGPXeB3M9Jgsjj6MiHpMjcTvG7/liA/04JVwxJ1vvLerETHthCwoN2PJSLn2xs3RTeInf/LLMA==",
      "hasInstallScript": true,
      "dependencies": {
        "electron-download": "^3.0.1",
        "extract-zip": "^1.0.3"
      },
      "bin": {
        "electron": "cli.js"
      }
    },
    "node_modules/electron-config": {
      "version": "0.2.1",
      "license": "MIT",
      "dependencies": {
        "conf": "^0.11.1"
      }
    },
    "node_modules/electron-download": {
      "version": "3.3.0",
      "license": "BSD-3-Clause",
      "dependencies": {
        "debug": "^2.2.0",
        "fs-extra": "^0.30.0",
        "home-path": "^1.0.1",
        "minimist": "^1.2.0",
        "nugget": "^2.0.0",
        "path-exists": "^2.1.0",
        "rc": "^1.1.2",
        "semver": "^5.3.0",
        "sumchecker": "^1.2.0"
      },
      "bin": {
        "electron-download": "build/cli.js"
      }
    },
    "node_modules/electron-json-storage": {
      "version": "3.0.2",
      "license": "MIT",
      "dependencies": {
        "async": "^2.0.0",
        "exists-file": "^3.0.0",
        "lodash": "^4.0.1",
        "mkdirp": "^0.5.1",
        "rimraf": "^2.5.1"
      }
    },
    "node_modules/electron-json-storage/node_modules/minimist": {
      "version": "0.0.8",
      "license": "MIT"
    },
    "node_modules/electron-json-storage/node_modules/mkdirp": {
      "version": "0.5.1",
      "license": "MIT",
      "dependencies": {
        "minimist": "0.0.8"
      },
      "bin": {
        "mkdirp": "bin/cmd.js"
      }
    },
    "node_modules/electron-pane-window": {
      "version": "0.0.1",
      "resolved": "https://registry.npmjs.org/electron-pane-window/-/electron-pane-window-0.0.1.tgz",
      "integrity": "sha512-vsbJcC2R5+y4kZ3k/AB69ESroPnkNdwPamJZxkBkK5+3L1z/FqWM5EX8VSn8v3aIQoygbBRcINzLiK5dwAfGkw==",
      "dependencies": {
        "object-assign": "^4.0.1"
      },
      "engines": {
        "node": ">=4"
      }
    },
    "node_modules/electron-positioner": {
      "version": "3.0.0",
      "license": "MIT"
    },
    "node_modules/electron-window-state": {
      "version": "4.1.0",
      "license": "MIT",
      "dependencies": {
        "deep-equal": "^1.0.1",
        "jsonfile": "^2.2.3",
        "mkdirp": "^0.5.1"
      },
      "engines": {
        "node": ">=4.0.0"
      }
    },
    "node_modules/electron-window-state/node_modules/minimist": {
      "version": "0.0.8",
      "license": "MIT"
    },
    "node_modules/electron-window-state/node_modules/mkdirp": {
      "version": "0.5.1",
      "license": "MIT",
      "dependencies": {
        "minimist": "0.0.8"
      },
      "bin": {
        "mkdirp": "bin/cmd.js"
      }
    },
    "node_modules/entities": {
      "version": "1.1.1",
      "license": "BSD-like"
    },
    "node_modules/env-paths": {
      "version": "0.3.1",
      "license": "MIT",
      "engines": {
        "node": ">=4"
      }
    },
    "node_modules/error-ex": {
      "version": "1.3.1",
      "license": "MIT",
      "dependencies": {
        "is-arrayish": "^0.2.1"
      }
    },
    "node_modules/es6-promise": {
      "version": "4.1.0",
      "license": "MIT"
    },
    "node_modules/exists-file": {
      "version": "3.0.0",
      "license": "MIT",
      "dependencies": {
        "cb2promise": "^1.0.2"
      },
      "engines": {
        "node": ">= 0.10"
      }
    },
    "node_modules/extend": {
      "version": "3.0.2",
      "resolved": "https://registry.npmjs.org/extend/-/extend-3.0.2.tgz",
      "integrity": "sha512-fjquC59cD7CyW6urNXK0FBufkZcoiGG80wTuPujX590cB5Ttln20E2UB4S/WARVqhXffZl2LNgS+gQdPIIim/g=="
    },
    "node_modules/extract-zip": {
      "version": "1.6.0",
      "license": "BSD-2-Clause",
      "dependencies": {
        "concat-stream": "1.5.0",
        "debug": "0.7.4",
        "mkdirp": "0.5.0",
        "yauzl": "2.4.1"
      },
      "bin": {
        "extract-zip": "cli.js"
      }
    },
    "node_modules/extract-zip/node_modules/debug": {
      "version": "0.7.4",
      "engines": {
        "node": "*"
      }
    },
    "node_modules/extsprintf": {
      "version": "1.0.2",
      "engines": [
        "node >=0.6.0"
      ]
    },
    "node_modules/fd-slicer": {
      "version": "1.0.1",
      "license": "MIT",
      "dependencies": {
        "pend": "~1.2.0"
      }
    },
    "node_modules/find-up": {
      "version": "1.1.2",
      "license": "MIT",
      "dependencies": {
        "path-exists": "^2.0.0",
        "pinkie-promise": "^2.0.0"
      },
      "engines": {
        "node": ">=0.10.0"
      }
    },
    "node_modules/firebase": {
      "version": "3.7.3",
      "license": "SEE LICENSE IN https://firebase.google.com/terms/",
      "dependencies": {
        "dom-storage": "2.0.2",
        "faye-websocket": "0.9.3",
        "jsonwebtoken": "7.1.9",
        "rsvp": "3.2.1",
        "xmlhttprequest": "1.8.0"
      }
    },
    "node_modules/firebase/node_modules/base64-url": {
      "version": "1.3.3",
      "license": "ISC"
    },
    "node_modules/firebase/node_modules/base64url": {
      "version": "2.0.0",
      "license": "MIT"
    },
    "node_modules/firebase/node_modules/buffer-equal-constant-time": {
      "version": "1.0.1",
      "license": "BSD-3-Clause"
    },
    "node_modules/firebase/node_modules/dom-storage": {
      "version": "2.0.2",
      "license": "Apache2",
      "engines": {
        "node": "*"
      }
    },
    "node_modules/firebase/node_modules/ecdsa-sig-formatter": {
      "version": "1.0.7",
      "license": "Apache-2.0",
      "dependencies": {
        "base64-url": "^1.2.1"
      }
    },
    "node_modules/firebase/node_modules/faye-websocket": {
      "version": "0.9.3",
      "license": "MIT",
      "dependencies": {
        "websocket-driver": ">=0.5.1"
      },
      "engines": {
        "node": ">=0.4.0"
      }
    },
    "node_modules/firebase/node_modules/isemail": {
      "version": "1.2.0",
      "license": "BSD-2-Clause",
      "engines": {
        "node": ">=0.10"
      }
    },
    "node_modules/firebase/node_modules/joi": {
      "version": "6.10.1",
      "license": "BSD-3-Clause",
      "dependencies": {
        "hoek": "2.x.x",
        "isemail": "1.x.x",
        "moment": "2.x.x",
        "topo": "1.x.x"
      },
      "engines": {
        "node": ">=0.10.40",
        "npm": ">=2.0.0"
      }
    },
    "node_modules/firebase/node_modules/jsonwebtoken": {
      "version": "7.1.9",
      "license": "MIT",
      "dependencies": {
        "joi": "^6.10.1",
        "jws": "^3.1.3",
        "lodash.once": "^4.0.0",
        "ms": "^0.7.1",
        "xtend": "^4.0.1"
      },
      "engines": {
        "node": ">=0.12",
        "npm": ">=1.4.28"
      }
    },
    "node_modules/firebase/node_modules/jwa": {
      "version": "1.1.4",
      "license": "MIT",
      "dependencies": {
        "base64url": "2.0.0",
        "buffer-equal-constant-time": "1.0.1",
        "ecdsa-sig-formatter": "1.0.7",
        "safe-buffer": "^5.0.1"
      }
    },
    "node_modules/firebase/node_modules/jws": {
      "version": "3.1.4",
      "license": "MIT",
      "dependencies": {
        "base64url": "^2.0.0",
        "jwa": "^1.1.4",
        "safe-buffer": "^5.0.1"
      }
    },
    "node_modules/firebase/node_modules/lodash.once": {
      "version": "4.1.1",
      "license": "MIT"
    },
    "node_modules/firebase/node_modules/moment": {
      "version": "2.16.0",
      "license": "MIT",
      "engines": {
        "node": "*"
      }
    },
    "node_modules/firebase/node_modules/rsvp": {
      "version": "3.2.1",
      "license": "MIT"
    },
    "node_modules/firebase/node_modules/topo": {
      "version": "1.1.0",
      "license": "BSD-3-Clause",
      "dependencies": {
        "hoek": "2.x.x"
      },
      "engines": {
        "node": ">=0.10.40"
      }
    },
    "node_modules/firebase/node_modules/websocket-driver": {
      "version": "0.6.5",
      "license": "MIT",
      "dependencies": {
        "websocket-extensions": ">=0.1.1"
      },
      "engines": {
        "node": ">=0.6.0"
      }
    },
    "node_modules/firebase/node_modules/websocket-extensions": {
      "version": "0.1.1",
      "license": "MIT",
      "engines": {
        "node": ">=0.6.0"
      }
    },
    "node_modules/firebase/node_modules/xmlhttprequest": {
      "version": "1.8.0",
      "license": "MIT",
      "engines": {
        "node": ">=0.4.0"
      }
    },
    "node_modules/firebase/node_modules/xtend": {
      "version": "4.0.1",
      "license": "MIT",
      "engines": {
        "node": ">=0.4"
      }
    },
    "node_modules/forever-agent": {
      "version": "0.6.1",
      "license": "Apache-2.0",
      "engines": {
        "node": "*"
      }
    },
    "node_modules/form-data": {
      "version": "2.1.2",
      "license": "MIT",
      "dependencies": {
        "asynckit": "^0.4.0",
        "combined-stream": "^1.0.5",
        "mime-types": "^2.1.12"
      },
      "engines": {
        "node": ">= 0.12"
      }
    },
    "node_modules/fs-extra": {
      "version": "0.30.0",
      "license": "MIT",
      "dependencies": {
        "graceful-fs": "^4.1.2",
        "jsonfile": "^2.1.0",
        "klaw": "^1.0.0",
        "path-is-absolute": "^1.0.0",
        "rimraf": "^2.2.8"
      }
    },
    "node_modules/fs.realpath": {
      "version": "1.0.0",
      "license": "ISC"
    },
    "node_modules/get-stdin": {
      "version": "4.0.1",
      "license": "MIT",
      "engines": {
        "node": ">=0.10.0"
      }
    },
    "node_modules/getpass": {
      "version": "0.1.6",
      "license": "MIT",
      "dependencies": {
        "assert-plus": "^1.0.0"
      }
    },
    "node_modules/getpass/node_modules/assert-plus": {
      "version": "1.0.0",
      "license": "MIT",
      "engines": {
        "node": ">=0.8"
      }
    },
    "node_modules/glob": {
      "version": "7.1.1",
      "license": "ISC",
      "dependencies": {
        "fs.realpath": "^1.0.0",
        "inflight": "^1.0.4",
        "inherits": "2",
        "minimatch": "^3.0.2",
        "once": "^1.3.0",
        "path-is-absolute": "^1.0.0"
      },
      "engines": {
        "node": "*"
      }
    },
    "node_modules/graceful-fs": {
      "version": "4.1.11",
      "license": "ISC",
      "engines": {
        "node": ">=0.4.0"
      }
    },
    "node_modules/har-schema": {
      "version": "1.0.5",
      "license": "ISC",
      "engines": {
        "node": ">=4"
      }
    },
    "node_modules/har-validator": {
      "version": "4.2.1",
      "license": "ISC",
      "dependencies": {
        "ajv": "^4.9.1",
        "har-schema": "^1.0.5"
      },
      "engines": {
        "node": ">=4"
      }
    },
    "node_modules/hawk": {
      "version": "3.1.3",
      "license": "BSD-3-Clause",
      "dependencies": {
        "boom": "2.x.x",
        "cryptiles": "2.x.x",
        "hoek": "2.x.x",
        "sntp": "1.x.x"
      },
      "engines": {
        "node": ">=0.10.32"
      }
    },
    "node_modules/hoek": {
      "version": "2.16.3",
      "license": "BSD-3-Clause",
      "engines": {
        "node": ">=0.10.40"
      }
    },
    "node_modules/home-path": {
      "version": "1.0.3",
      "license": "MIT"
    },
    "node_modules/hosted-git-info": {
      "version": "2.4.1",
      "license": "ISC"
    },
    "node_modules/http-signature": {
      "version": "1.1.1",
      "license": "MIT",
      "dependencies": {
        "assert-plus": "^0.2.0",
        "jsprim": "^1.2.2",
        "sshpk": "^1.7.0"
      },
      "engines": {
        "node": ">=0.8",
        "npm": ">=1.3.7"
      }
    },
    "node_modules/indent-string": {
      "version": "2.1.0",
      "license": "MIT",
      "dependencies": {
        "repeating": "^2.0.0"
      },
      "engines": {
        "node": ">=0.10.0"
      }
    },
    "node_modules/inflight": {
      "version": "1.0.6",
      "license": "ISC",
      "dependencies": {
        "once": "^1.3.0",
        "wrappy": "1"
      }
    },
    "node_modules/inherits": {
      "version": "2.0.3",
      "license": "ISC"
    },
    "node_modules/ini": {
      "version": "1.3.4",
      "license": "ISC",
      "engines": {
        "node": "*"
      }
    },
    "node_modules/is-arrayish": {
      "version": "0.2.1",
      "license": "MIT"
    },
    "node_modules/is-builtin-module": {
      "version": "1.0.0",
      "license": "MIT",
      "dependencies": {
        "builtin-modules": "^1.0.0"
      },
      "engines": {
        "node": ">=0.10.0"
      }
    },
    "node_modules/is-finite": {
      "version": "1.0.2",
      "license": "MIT",
      "dependencies": {
        "number-is-nan": "^1.0.0"
      },
      "engines": {
        "node": ">=0.10.0"
      }
    },
    "node_modules/is-fullwidth-code-point": {
      "version": "1.0.0",
      "license": "MIT",
      "dependencies": {
        "number-is-nan": "^1.0.0"
      },
      "engines": {
        "node": ">=0.10.0"
      }
    },
    "node_modules/is-obj": {
      "version": "1.0.1",
      "license": "MIT",
      "engines": {
        "node": ">=0.10.0"
      }
    },
    "node_modules/is-typedarray": {
      "version": "1.0.0",
      "license": "MIT"
    },
    "node_modules/is-utf8": {
      "version": "0.2.1",
      "license": "MIT"
    },
    "node_modules/isarray": {
      "version": "0.0.1",
      "resolved": "https://registry.npmjs.org/isarray/-/isarray-0.0.1.tgz",
      "integrity": "sha512-D2S+3GLxWH+uhrNEcoh/fnmYeP8E8/zHl644d/jdA0g2uyXvy3sb0qxotE+ne0LtccHknQzWwZEzhak7oJ0COQ=="
    },
    "node_modules/isstream": {
      "version": "0.1.2",
      "license": "MIT"
    },
    "node_modules/jodid25519": {
      "version": "1.0.2",
      "license": "MIT",
      "optional": true,
      "dependencies": {
        "jsbn": "~0.1.0"
      }
    },
    "node_modules/jsbn": {
      "version": "0.1.1",
      "license": "MIT",
      "optional": true
    },
    "node_modules/json-schema": {
      "version": "0.2.3"
    },
    "node_modules/json-stable-stringify": {
      "version": "1.0.1",
      "license": "MIT",
      "dependencies": {
        "jsonify": "~0.0.0"
      }
    },
    "node_modules/json-stringify-safe": {
      "version": "5.0.1",
      "license": "ISC"
    },
    "node_modules/jsonfile": {
      "version": "2.4.0",
      "license": "MIT",
      "optionalDependencies": {
        "graceful-fs": "^4.1.6"
      }
    },
    "node_modules/jsonify": {
      "version": "0.0.0",
      "license": "Public Domain",
      "engines": {
        "node": "*"
      }
    },
    "node_modules/jsprim": {
      "version": "1.4.0",
      "engines": [
        "node >=0.6.0"
      ],
      "license": "MIT",
      "dependencies": {
        "assert-plus": "1.0.0",
        "extsprintf": "1.0.2",
        "json-schema": "0.2.3",
        "verror": "1.3.6"
      }
    },
    "node_modules/jsprim/node_modules/assert-plus": {
      "version": "1.0.0",
      "license": "MIT",
      "engines": {
        "node": ">=0.8"
      }
    },
    "node_modules/klaw": {
      "version": "1.3.1",
      "license": "MIT",
      "optionalDependencies": {
        "graceful-fs": "^4.1.9"
      }
    },
    "node_modules/linkify-it": {
      "version": "2.0.3",
      "license": "MIT",
      "dependencies": {
        "uc.micro": "^1.0.1"
      }
    },
    "node_modules/load-json-file": {
      "version": "1.1.0",
      "license": "MIT",
      "dependencies": {
        "graceful-fs": "^4.1.2",
        "parse-json": "^2.2.0",
        "pify": "^2.0.0",
        "pinkie-promise": "^2.0.0",
        "strip-bom": "^2.0.0"
      },
      "engines": {
        "node": ">=0.10.0"
      }
    },
    "node_modules/lodash": {
      "version": "4.17.4",
      "license": "MIT"
    },
    "node_modules/loud-rejection": {
      "version": "1.6.0",
      "license": "MIT",
      "dependencies": {
        "currently-unhandled": "^0.4.1",
        "signal-exit": "^3.0.0"
      },
      "engines": {
        "node": ">=0.10.0"
      }
    },
    "node_modules/map-obj": {
      "version": "1.0.1",
      "license": "MIT",
      "engines": {
        "node": ">=0.10.0"
      }
    },
    "node_modules/markdown-it": {
      "version": "8.3.1",
      "license": "MIT",
      "dependencies": {
        "argparse": "^1.0.7",
        "entities": "~1.1.1",
        "linkify-it": "^2.0.0",
        "mdurl": "^1.0.1",
        "uc.micro": "^1.0.3"
      },
      "bin": {
        "markdown-it": "bin/markdown-it.js"
      }
    },
    "node_modules/mdurl": {
      "version": "1.0.1",
      "license": "MIT"
    },
    "node_modules/menubar": {
      "version": "5.2.3",
      "license": "BSD-2-Clause",
      "dependencies": {
        "electron-positioner": "^3.0.0",
        "extend": "^2.0.0"
      }
    },
    "node_modules/menubar/node_modules/extend": {
      "version": "2.0.1",
      "license": "MIT"
    },
    "node_modules/meow": {
      "version": "3.7.0",
      "license": "MIT",
      "dependencies": {
        "camelcase-keys": "^2.0.0",
        "decamelize": "^1.1.2",
        "loud-rejection": "^1.0.0",
        "map-obj": "^1.0.1",
        "minimist": "^1.1.3",
        "normalize-package-data": "^2.3.4",
        "object-assign": "^4.0.1",
        "read-pkg-up": "^1.0.1",
        "redent": "^1.0.0",
        "trim-newlines": "^1.0.0"
      },
      "engines": {
        "node": ">=0.10.0"
      }
    },
    "node_modules/mime-db": {
      "version": "1.27.0",
      "license": "MIT",
      "engines": {
        "node": ">= 0.6"
      }
    },
    "node_modules/mime-types": {
      "version": "2.1.15",
      "license": "MIT",
      "dependencies": {
        "mime-db": "~1.27.0"
      },
      "engines": {
        "node": ">= 0.6"
      }
    },
    "node_modules/minimatch": {
      "version": "3.0.3",
      "license": "ISC",
      "dependencies": {
        "brace-expansion": "^1.0.0"
      },
      "engines": {
        "node": "*"
      }
    },
    "node_modules/minimist": {
      "version": "1.2.0",
      "license": "MIT"
    },
    "node_modules/mkdirp": {
      "version": "0.5.0",
      "license": "MIT",
      "dependencies": {
        "minimist": "0.0.8"
      },
      "bin": {
        "mkdirp": "bin/cmd.js"
      }
    },
    "node_modules/mkdirp/node_modules/minimist": {
      "version": "0.0.8",
      "license": "MIT"
    },
    "node_modules/ms": {
      "version": "0.7.2",
      "license": "MIT"
    },
    "node_modules/normalize-package-data": {
      "version": "2.3.6",
      "license": "BSD-2-Clause",
      "dependencies": {
        "hosted-git-info": "^2.1.4",
        "is-builtin-module": "^1.0.0",
        "semver": "2 || 3 || 4 || 5",
        "validate-npm-package-license": "^3.0.1"
      }
    },
    "node_modules/nugget": {
      "version": "2.0.1",
      "license": "BSD",
      "dependencies": {
        "debug": "^2.1.3",
        "minimist": "^1.1.0",
        "pretty-bytes": "^1.0.2",
        "progress-stream": "^1.1.0",
        "request": "^2.45.0",
        "single-line-log": "^1.1.2",
        "throttleit": "0.0.2"
      },
      "bin": {
        "nugget": "bin.js"
      }
    },
    "node_modules/number-is-nan": {
      "version": "1.0.1",
      "license": "MIT",
      "engines": {
        "node": ">=0.10.0"
      }
    },
    "node_modules/oauth-sign": {
      "version": "0.8.2",
      "license": "Apache-2.0",
      "engines": {
        "node": "*"
      }
    },
    "node_modules/object-assign": {
      "version": "4.1.1",
      "license": "MIT",
      "engines": {
        "node": ">=0.10.0"
      }
    },
    "node_modules/object-keys": {
      "version": "0.4.0",
      "resolved": "https://registry.npmjs.org/object-keys/-/object-keys-0.4.0.tgz",
      "integrity": "sha512-ncrLw+X55z7bkl5PnUvHwFK9FcGuFYo9gtjws2XtSzL+aZ8tm830P60WJ0dSmFVaSalWieW5MD7kEdnXda9yJw=="
    },
    "node_modules/once": {
      "version": "1.4.0",
      "license": "ISC",
      "dependencies": {
        "wrappy": "1"
      }
    },
    "node_modules/open": {
      "version": "0.0.5",
      "license": "MIT",
      "engines": {
        "node": ">= 0.6.0"
      }
    },
    "node_modules/parse-json": {
      "version": "2.2.0",
      "license": "MIT",
      "dependencies": {
        "error-ex": "^1.2.0"
      },
      "engines": {
        "node": ">=0.10.0"
      }
    },
    "node_modules/path-exists": {
      "version": "2.1.0",
      "license": "MIT",
      "dependencies": {
        "pinkie-promise": "^2.0.0"
      },
      "engines": {
        "node": ">=0.10.0"
      }
    },
    "node_modules/path-is-absolute": {
      "version": "1.0.1",
      "license": "MIT",
      "engines": {
        "node": ">=0.10.0"
      }
    },
    "node_modules/path-type": {
      "version": "1.1.0",
      "license": "MIT",
      "dependencies": {
        "graceful-fs": "^4.1.2",
        "pify": "^2.0.0",
        "pinkie-promise": "^2.0.0"
      },
      "engines": {
        "node": ">=0.10.0"
      }
    },
    "node_modules/pend": {
      "version": "1.2.0",
      "license": "MIT"
    },
    "node_modules/performance-now": {
      "version": "0.2.0",
      "license": "MIT"
    },
    "node_modules/pify": {
      "version": "2.3.0",
      "license": "MIT",
      "engines": {
        "node": ">=0.10.0"
      }
    },
    "node_modules/pinkie": {
      "version": "2.0.4",
      "license": "MIT",
      "engines": {
        "node": ">=0.10.0"
      }
    },
    "node_modules/pinkie-promise": {
      "version": "2.0.1",
      "license": "MIT",
      "dependencies": {
        "pinkie": "^2.0.0"
      },
      "engines": {
        "node": ">=0.10.0"
      }
    },
    "node_modules/pkg-up": {
      "version": "1.0.0",
      "license": "MIT",
      "dependencies": {
        "find-up": "^1.0.0"
      },
      "engines": {
        "node": ">=0.10.0"
      }
    },
    "node_modules/pretty-bytes": {
      "version": "1.0.4",
      "license": "MIT",
      "dependencies": {
        "get-stdin": "^4.0.1",
        "meow": "^3.1.0"
      },
      "bin": {
        "pretty-bytes": "cli.js"
      },
      "engines": {
        "node": ">=0.10.0"
      }
    },
    "node_modules/process-nextick-args": {
      "version": "1.0.7",
      "license": "MIT"
    },
    "node_modules/progress-stream": {
      "version": "1.2.0",
      "license": "BSD-2-Clause",
      "dependencies": {
        "speedometer": "~0.1.2",
        "through2": "~0.2.3"
      }
    },
    "node_modules/punycode": {
      "version": "1.4.1",
      "license": "MIT"
    },
    "node_modules/qs": {
      "version": "6.4.0",
      "license": "BSD-3-Clause",
      "engines": {
        "node": ">=0.6"
      }
    },
    "node_modules/rc": {
      "version": "1.1.7",
      "license": "(BSD-2-Clause OR MIT OR Apache-2.0)",
      "dependencies": {
        "deep-extend": "~0.4.0",
        "ini": "~1.3.0",
        "minimist": "^1.2.0",
        "strip-json-comments": "~2.0.1"
      },
      "bin": {
        "rc": "index.js"
      }
    },
    "node_modules/read-pkg": {
      "version": "1.1.0",
      "license": "MIT",
      "dependencies": {
        "load-json-file": "^1.0.0",
        "normalize-package-data": "^2.3.2",
        "path-type": "^1.0.0"
      },
      "engines": {
        "node": ">=0.10.0"
      }
    },
    "node_modules/read-pkg-up": {
      "version": "1.0.1",
      "license": "MIT",
      "dependencies": {
        "find-up": "^1.0.0",
        "read-pkg": "^1.0.0"
      },
      "engines": {
        "node": ">=0.10.0"
      }
    },
    "node_modules/readable-stream": {
      "version": "1.1.14",
      "resolved": "https://registry.npmjs.org/readable-stream/-/readable-stream-1.1.14.tgz",
      "integrity": "sha512-+MeVjFf4L44XUkhM1eYbD8fyEsxcV81pqMSR5gblfcLCHfZvbrqy4/qYHE+/R5HoBUT11WV5O08Cr1n3YXkWVQ==",
      "dependencies": {
        "core-util-is": "~1.0.0",
        "inherits": "~2.0.1",
        "isarray": "0.0.1",
        "string_decoder": "~0.10.x"
      }
    },
    "node_modules/redent": {
      "version": "1.0.0",
      "license": "MIT",
      "dependencies": {
        "indent-string": "^2.1.0",
        "strip-indent": "^1.0.1"
      },
      "engines": {
        "node": ">=0.10.0"
      }
    },
    "node_modules/repeating": {
      "version": "2.0.1",
      "license": "MIT",
      "dependencies": {
        "is-finite": "^1.0.0"
      },
      "engines": {
        "node": ">=0.10.0"
      }
    },
    "node_modules/request": {
      "version": "2.81.0",
      "license": "Apache-2.0",
      "dependencies": {
        "aws-sign2": "~0.6.0",
        "aws4": "^1.2.1",
        "caseless": "~0.12.0",
        "combined-stream": "~1.0.5",
        "extend": "~3.0.0",
        "forever-agent": "~0.6.1",
        "form-data": "~2.1.1",
        "har-validator": "~4.2.1",
        "hawk": "~3.1.3",
        "http-signature": "~1.1.0",
        "is-typedarray": "~1.0.0",
        "isstream": "~0.1.2",
        "json-stringify-safe": "~5.0.1",
        "mime-types": "~2.1.7",
        "oauth-sign": "~0.8.1",
        "performance-now": "^0.2.0",
        "qs": "~6.4.0",
        "safe-buffer": "^5.0.1",
        "stringstream": "~0.0.4",
        "tough-cookie": "~2.3.0",
        "tunnel-agent": "^0.6.0",
        "uuid": "^3.0.0"
      },
      "engines": {
        "node": ">= 4"
      }
    },
    "node_modules/rimraf": {
      "version": "2.6.1",
      "license": "ISC",
      "dependencies": {
        "glob": "^7.0.5"
      },
      "bin": {
        "rimraf": "bin.js"
      }
    },
    "node_modules/safe-buffer": {
      "version": "5.0.1",
      "license": "MIT"
    },
    "node_modules/sax": {
      "version": "1.2.2",
      "license": "ISC"
    },
    "node_modules/semver": {
      "version": "5.3.0",
      "license": "ISC",
      "bin": {
        "semver": "bin/semver"
      }
    },
    "node_modules/signal-exit": {
      "version": "3.0.2",
      "license": "ISC"
    },
    "node_modules/single-line-log": {
      "version": "1.1.2",
      "license": "MIT",
      "dependencies": {
        "string-width": "^1.0.1"
      }
    },
    "node_modules/sliced": {
      "version": "1.0.1",
      "license": "MIT"
    },
    "node_modules/sntp": {
      "version": "1.0.9",
      "dependencies": {
        "hoek": "2.x.x"
      },
      "engines": {
        "node": ">=0.8.0"
      }
    },
    "node_modules/spdx-correct": {
      "version": "1.0.2",
      "license": "Apache-2.0",
      "dependencies": {
        "spdx-license-ids": "^1.0.2"
      }
    },
    "node_modules/spdx-expression-parse": {
      "version": "1.0.4",
      "license": "(MIT AND CC-BY-3.0)"
    },
    "node_modules/spdx-license-ids": {
      "version": "1.2.2",
      "license": "Unlicense"
    },
    "node_modules/speedometer": {
      "version": "0.1.4"
    },
    "node_modules/sprintf-js": {
      "version": "1.0.3",
      "license": "BSD-3-Clause"
    },
    "node_modules/sshpk": {
      "version": "1.11.0",
      "license": "MIT",
      "dependencies": {
        "asn1": "~0.2.3",
        "assert-plus": "^1.0.0",
        "dashdash": "^1.12.0",
        "getpass": "^0.1.1"
      },
      "bin": {
        "sshpk-conv": "bin/sshpk-conv",
        "sshpk-sign": "bin/sshpk-sign",
        "sshpk-verify": "bin/sshpk-verify"
      },
      "engines": {
        "node": ">=0.10.0"
      },
      "optionalDependencies": {
        "bcrypt-pbkdf": "^1.0.0",
        "ecc-jsbn": "~0.1.1",
        "jodid25519": "^1.0.0",
        "jsbn": "~0.1.0",
        "tweetnacl": "~0.14.0"
      }
    },
    "node_modules/sshpk/node_modules/assert-plus": {
      "version": "1.0.0",
      "license": "MIT",
      "engines": {
        "node": ">=0.8"
      }
    },
    "node_modules/string_decoder": {
      "version": "0.10.31",
      "license": "MIT"
    },
    "node_modules/string-width": {
      "version": "1.0.2",
      "license": "MIT",
      "dependencies": {
        "code-point-at": "^1.0.0",
        "is-fullwidth-code-point": "^1.0.0",
        "strip-ansi": "^3.0.0"
      },
      "engines": {
        "node": ">=0.10.0"
      }
    },
    "node_modules/stringstream": {
      "version": "0.0.5",
      "license": "MIT"
    },
    "node_modules/strip-ansi": {
      "version": "3.0.1",
      "license": "MIT",
      "dependencies": {
        "ansi-regex": "^2.0.0"
      },
      "engines": {
        "node": ">=0.10.0"
      }
    },
    "node_modules/strip-bom": {
      "version": "2.0.0",
      "license": "MIT",
      "dependencies": {
        "is-utf8": "^0.2.0"
      },
      "engines": {
        "node": ">=0.10.0"
      }
    },
    "node_modules/strip-indent": {
      "version": "1.0.1",
      "license": "MIT",
      "dependencies": {
        "get-stdin": "^4.0.1"
      },
      "bin": {
        "strip-indent": "cli.js"
      },
      "engines": {
        "node": ">=0.10.0"
      }
    },
    "node_modules/strip-json-comments": {
      "version": "2.0.1",
      "license": "MIT",
      "engines": {
        "node": ">=0.10.0"
      }
    },
    "node_modules/sumchecker": {
      "version": "1.3.1",
      "license": "Apache-2.0",
      "dependencies": {
        "debug": "^2.2.0",
        "es6-promise": "^4.0.5"
      }
    },
    "node_modules/throttleit": {
      "version": "0.0.2",
      "license": "MIT"
    },
    "node_modules/through2": {
      "version": "0.2.3",
      "license": "MIT",
      "dependencies": {
        "readable-stream": "~1.1.9",
        "xtend": "~2.1.1"
      }
    },
    "node_modules/tough-cookie": {
      "version": "2.3.2",
      "license": "BSD-3-Clause",
      "dependencies": {
        "punycode": "^1.4.1"
      },
      "engines": {
        "node": ">=0.8"
      }
    },
    "node_modules/trim-newlines": {
      "version": "1.0.0",
      "license": "MIT",
      "engines": {
        "node": ">=0.10.0"
      }
    },
    "node_modules/tunnel-agent": {
      "version": "0.6.0",
      "license": "Apache-2.0",
      "dependencies": {
        "safe-buffer": "^5.0.1"
      },
      "engines": {
        "node": "*"
      }
    },
    "node_modules/tweetnacl": {
      "version": "0.14.5",
      "license": "Unlicense",
      "optional": true
    },
    "node_modules/typedarray": {
      "version": "0.0.6",
      "license": "MIT"
    },
    "node_modules/uc.micro": {
      "version": "1.0.3",
      "license": "WTFPL"
    },
    "node_modules/util-deprecate": {
      "version": "1.0.2",
      "license": "MIT"
    },
    "node_modules/uuid": {
      "version": "3.0.1",
      "license": "MIT",
      "bin": {
        "uuid": "bin/uuid"
      }
    },
    "node_modules/validate-npm-package-license": {
      "version": "3.0.1",
      "license": "Apache-2.0",
      "dependencies": {
        "spdx-correct": "~1.0.0",
        "spdx-expression-parse": "~1.0.0"
      }
    },
    "node_modules/verror": {
      "version": "1.3.6",
      "engines": [
        "node >=0.6.0"
      ],
      "dependencies": {
        "extsprintf": "1.0.2"
      }
    },
    "node_modules/wrappy": {
      "version": "1.0.2",
      "license": "ISC"
    },
    "node_modules/xml2js": {
      "version": "0.4.17",
      "license": "MIT",
      "dependencies": {
        "sax": ">=0.6.0",
        "xmlbuilder": "^4.1.0"
      }
    },
    "node_modules/xmlbuilder": {
      "version": "4.2.1",
      "license": "MIT",
      "dependencies": {
        "lodash": "^4.0.0"
      },
      "engines": {
        "node": ">=0.8.0"
      }
    },
    "node_modules/xtend": {
      "version": "2.1.2",
      "resolved": "https://registry.npmjs.org/xtend/-/xtend-2.1.2.tgz",
      "integrity": "sha512-vMNKzr2rHP9Dp/e1NQFnLQlwlhp9L/LfvnsVdHxN1f+uggyVI3i08uD14GPvCToPkdsRfyPqIyYGmIk58V98ZQ==",
      "dependencies": {
        "object-keys": "~0.4.0"
      },
      "engines": {
        "node": ">=0.4"
      }
    },
    "node_modules/yauzl": {
      "version": "2.4.1",
      "license": "MIT",
      "dependencies": {
        "fd-slicer": "~1.0.1"
      }
    }
  }
}
